{
  "name": "nicholasrueb-digitalportfolio",
  "lockfileVersion": 3,
  "requires": true,
  "packages": {
    "": {
      "dependencies": {
        "@21st-sdk/node": "^0.1.1"
      }
    },
    "node_modules/@21st-sdk/node": {
      "version": "0.1.1",
      "resolved": "https://registry.npmjs.org/@21st-sdk/node/-/node-0.1.1.tgz",
      "integrity": "sha512-DwPAVUVjRdYgIFCFtyWdbOwLWa7zXt/ZLAl85Ij/WapZ1VkMsXl7U+GMwwb4R6RuJ3wurolZvo2NbTD8raBk4g==",
      "license": "MIT"
    }
  }
}
